
Microsoft Visual Studio Solution File, Format Version 12.00
# Visual Studio Version 17
VisualStudioVersion = 17.7.34031.279
MinimumVisualStudioVersion = 10.0.40219.1
Project("{9A19103F-16F7-4668-BE54-9A1E7A4F7556}") = "API", "API\API.csproj", "{73C7BCEA-A9CB-408B-9703-49C74BD0C32C}"
	ProjectSection(ProjectDependencies) = postProject
		{A5229589-A3FD-4CF9-AD14-3EC72277E261} = {A5229589-A3FD-4CF9-AD14-3EC72277E261}
	EndProjectSection
EndProject
Project("{9A19103F-16F7-4668-BE54-9A1E7A4F7556}") = "ClassLibrary", "ClassLibrary\ClassLibrary.csproj", "{A5229589-A3FD-4CF9-AD14-3EC72277E261}"
EndProject
Project("{9A19103F-16F7-4668-BE54-9A1E7A4F7556}") = "Web", "Web\Web.csproj", "{C1D1FA33-E3D0-4967-AFA4-6678775125B0}"
	ProjectSection(ProjectDependencies) = postProject
		{A5229589-A3FD-4CF9-AD14-3EC72277E261} = {A5229589-A3FD-4CF9-AD14-3EC72277E261}
	EndProjectSection
EndProject
Project("{9A19103F-16F7-4668-BE54-9A1E7A4F7556}") = "General department", "General department\General department.csproj", "{83EA943D-52AC-47B4-A247-F154A0FB377C}"
EndProject
Global
	GlobalSection(SolutionConfigurationPlatforms) = preSolution
		Debug|Any CPU = Debug|Any CPU
		Release|Any CPU = Release|Any CPU
	EndGlobalSection
	GlobalSection(ProjectConfigurationPlatforms) = postSolution
		{73C7BCEA-A9CB-408B-9703-49C74BD0C32C}.Debug|Any CPU.ActiveCfg = Debug|Any CPU
		{73C7BCEA-A9CB-408B-9703-49C74BD0C32C}.Debug|Any CPU.Build.0 = Debug|Any CPU
		{73C7BCEA-A9CB-408B-9703-49C74BD0C32C}.Release|Any CPU.ActiveCfg = Release|Any CPU
		{73C7BCEA-A9CB-408B-9703-49C74BD0C32C}.Release|Any CPU.Build.0 = Release|Any CPU
		{A5229589-A3FD-4CF9-AD14-3EC72277E261}.Debug|Any CPU.ActiveCfg = Debug|Any CPU
		{A5229589-A3FD-4CF9-AD14-3EC72277E261}.Debug|Any CPU.Build.0 = Debug|Any CPU
		{A5229589-A3FD-4CF9-AD14-3EC72277E261}.Release|Any CPU.ActiveCfg = Release|Any CPU
		{A5229589-A3FD-4CF9-AD14-3EC72277E261}.Release|Any CPU.Build.0 = Release|Any CPU
		{C1D1FA33-E3D0-4967-AFA4-6678775125B0}.Debug|Any CPU.ActiveCfg = Debug|Any CPU
		{C1D1FA33-E3D0-4967-AFA4-6678775125B0}.Debug|Any CPU.Build.0 = Debug|Any CPU
		{C1D1FA33-E3D0-4967-AFA4-6678775125B0}.Release|Any CPU.ActiveCfg = Release|Any CPU
		{C1D1FA33-E3D0-4967-AFA4-6678775125B0}.Release|Any CPU.Build.0 = Release|Any CPU
		{83EA943D-52AC-47B4-A247-F154A0FB377C}.Debug|Any CPU.ActiveCfg = Debug|Any CPU
		{83EA943D-52AC-47B4-A247-F154A0FB377C}.Debug|Any CPU.Build.0 = Debug|Any CPU
		{83EA943D-52AC-47B4-A247-F154A0FB377C}.Release|Any CPU.ActiveCfg = Release|Any CPU
		{83EA943D-52AC-47B4-A247-F154A0FB377C}.Release|Any CPU.Build.0 = Release|Any CPU
	EndGlobalSection
	GlobalSection(SolutionProperties) = preSolution
		HideSolutionNode = FALSE
	EndGlobalSection
	GlobalSection(ExtensibilityGlobals) = postSolution
		SolutionGuid = {A1E2E465-20E9-42A9-A52E-59131CE49165}
	EndGlobalSection
EndGlobal
